
Microsoft Visual Studio Solution File, Format Version 12.00
# Visual Studio Version 17
VisualStudioVersion = 17.4.33205.214
MinimumVisualStudioVersion = 10.0.40219.1
Project("{FAE04EC0-301F-11D3-BF4B-00C04F79EFBC}") = "ImageWaterMark", "ImageWaterMark\ImageWaterMark.csproj", "{8AEE14F7-8568-4110-83E1-3673B39043A6}"
EndProject
Global
	GlobalSection(SolutionConfigurationPlatforms) = preSolution
		Debug|Any CPU = Debug|Any CPU
		Release|Any CPU = Release|Any CPU
	EndGlobalSection
	GlobalSection(ProjectConfigurationPlatforms) = postSolution
		{8AEE14F7-8568-4110-83E1-3673B39043A6}.Debug|Any CPU.ActiveCfg = Debug|Any CPU
		{8AEE14F7-8568-4110-83E1-3673B39043A6}.Debug|Any CPU.Build.0 = Debug|Any CPU
		{8AEE14F7-8568-4110-83E1-3673B39043A6}.Release|Any CPU.ActiveCfg = Release|Any CPU
		{8AEE14F7-8568-4110-83E1-3673B39043A6}.Release|Any CPU.Build.0 = Release|Any CPU
	EndGlobalSection
	GlobalSection(SolutionProperties) = preSolution
		HideSolutionNode = FALSE
	EndGlobalSection
	GlobalSection(ExtensibilityGlobals) = postSolution
		SolutionGuid = {07447F95-50EF-490B-A3CA-6977D7261AE0}
	EndGlobalSection
EndGlobal
